
Microsoft Visual Studio Solution File, Format Version 12.00
# Visual Studio Version 16
VisualStudioVersion = 16.0.32602.291
MinimumVisualStudioVersion = 10.0.40219.1
Project("{FAE04EC0-301F-11D3-BF4B-00C04F79EFBC}") = "Lab_2", "Lab_2.csproj", "{0BA3FE27-6A08-4D65-818F-C329A75CA16E}"
EndProject
Global
	GlobalSection(SolutionConfigurationPlatforms) = preSolution
		Debug|Any CPU = Debug|Any CPU
		Release|Any CPU = Release|Any CPU
	EndGlobalSection
	GlobalSection(ProjectConfigurationPlatforms) = postSolution
		{0BA3FE27-6A08-4D65-818F-C329A75CA16E}.Debug|Any CPU.ActiveCfg = Debug|Any CPU
		{0BA3FE27-6A08-4D65-818F-C329A75CA16E}.Debug|Any CPU.Build.0 = Debug|Any CPU
		{0BA3FE27-6A08-4D65-818F-C329A75CA16E}.Release|Any CPU.ActiveCfg = Release|Any CPU
		{0BA3FE27-6A08-4D65-818F-C329A75CA16E}.Release|Any CPU.Build.0 = Release|Any CPU
	EndGlobalSection
	GlobalSection(SolutionProperties) = preSolution
		HideSolutionNode = FALSE
	EndGlobalSection
	GlobalSection(ExtensibilityGlobals) = postSolution
		SolutionGuid = {42457D55-5941-4617-B729-A4F83DE03530}
	EndGlobalSection
EndGlobal
